
Microsoft Visual Studio Solution File, Format Version 12.00
# Visual Studio Version 17
VisualStudioVersion = 17.4.33213.308
MinimumVisualStudioVersion = 10.0.40219.1
Project("{9A19103F-16F7-4668-BE54-9A1E7A4F7556}") = "WPF-Kakao", "WPF-Kakao\WPF-Kakao.csproj", "{5AC7D71F-4534-431D-8B20-BD537ECD2F2F}"
EndProject
Project("{9A19103F-16F7-4668-BE54-9A1E7A4F7556}") = "Kakao.Forms", "Kakao.Forms\Kakao.Forms.csproj", "{D68369D7-6111-4438-81C8-790E7C6759A5}"
EndProject
Project("{9A19103F-16F7-4668-BE54-9A1E7A4F7556}") = "Kakao.Login", "Kakao.Login\Kakao.Login.csproj", "{5BA57164-1259-4B07-B74B-4185B173CA55}"
EndProject
Project("{2150E333-8FDC-42A3-9474-1A3956D46DE8}") = "Studio", "Studio", "{83427F94-55CD-44E2-B179-1EA60DD366AE}"
EndProject
Project("{2150E333-8FDC-42A3-9474-1A3956D46DE8}") = "Partial", "Partial", "{B82F1E7B-41CE-431F-90E0-13FA79AA98AF}"
EndProject
Project("{9A19103F-16F7-4668-BE54-9A1E7A4F7556}") = "Kakao.Friends", "Kakao.Friends\Kakao.Friends.csproj", "{5AC6C032-C9B3-4050-9B05-8D8FFCDC65DD}"
EndProject
Project("{2150E333-8FDC-42A3-9474-1A3956D46DE8}") = "Based", "Based", "{E696B96F-B41F-468A-8BCD-42E676991A91}"
EndProject
Project("{9A19103F-16F7-4668-BE54-9A1E7A4F7556}") = "Kakao.Core", "Kakao.Core\Kakao.Core.csproj", "{D6BD01BA-153C-49E8-B93B-1DC0F4DDC42D}"
EndProject
Project("{9A19103F-16F7-4668-BE54-9A1E7A4F7556}") = "Kakao.Main", "Kakao.Main\Kakao.Main.csproj", "{E4864B38-2C88-4B09-8539-EBC4B27352F1}"
EndProject
Project("{9A19103F-16F7-4668-BE54-9A1E7A4F7556}") = "Kakao.Chats", "Kakao.Chats\Kakao.Chats.csproj", "{91859110-51B2-40CD-9F2E-B7828944CB2E}"
EndProject
Project("{9A19103F-16F7-4668-BE54-9A1E7A4F7556}") = "Kakao.More", "Kakao.More\Kakao.More.csproj", "{C0BAF5EB-1DF2-4CA6-80B0-9DD5B3D6A044}"
EndProject
Project("{2150E333-8FDC-42A3-9474-1A3956D46DE8}") = "Foundations", "Foundations", "{22B78A26-E61C-4689-9AB6-765A1B0B6024}"
EndProject
Project("{9A19103F-16F7-4668-BE54-9A1E7A4F7556}") = "Kakao.LayoutSupport", "Kakao.LayoutSupport\Kakao.LayoutSupport.csproj", "{5226C67A-7ADC-4ACB-918A-0676E51655B8}"
EndProject
Project("{9A19103F-16F7-4668-BE54-9A1E7A4F7556}") = "Kakao.Friends.Birth", "Kakao.Friends.Birth\Kakao.Friends.Birth.csproj", "{6E4F5E1A-3B92-4DFA-889A-A75D87FA5986}"
EndProject
Project("{2150E333-8FDC-42A3-9474-1A3956D46DE8}") = "Friends", "Friends", "{02BC2E32-D15B-4604-947D-7CFC958A33A3}"
EndProject
Project("{9A19103F-16F7-4668-BE54-9A1E7A4F7556}") = "Kakao.Friends.Favorites", "Kakao.Friends.Favorites\Kakao.Friends.Favorites.csproj", "{E5F2C7F4-1BDB-4CD0-8299-E2A5B6D48EA4}"
EndProject
Project("{2150E333-8FDC-42A3-9474-1A3956D46DE8}") = "Pages", "Pages", "{B61ABDB8-3A27-46DD-98A7-64307F009F16}"
EndProject
Project("{2150E333-8FDC-42A3-9474-1A3956D46DE8}") = "Talks", "Talks", "{79E9D577-0464-4336-A33A-C664AF6DCEA7}"
EndProject
Project("{9A19103F-16F7-4668-BE54-9A1E7A4F7556}") = "Kakao.Talk", "Kakao.Talk\Kakao.Talk.csproj", "{CFBB45FA-1A92-42D3-BB64-5D549F4E3512}"
EndProject
Project("{9A19103F-16F7-4668-BE54-9A1E7A4F7556}") = "Kakao.Talk.TextMessage", "Kakao.Talk.TextMessage\Kakao.Talk.TextMessage.csproj", "{8D9B07B5-7405-435F-AA0B-B6439361A1F4}"
EndProject
Project("{9A19103F-16F7-4668-BE54-9A1E7A4F7556}") = "Kakao.Tests", "Kakao.Tests\Kakao.Tests.csproj", "{3AFD1CF4-81AD-4CB9-8485-80C15E3011D5}"
EndProject
Project("{2150E333-8FDC-42A3-9474-1A3956D46DE8}") = "Service", "Service", "{EA6EC38E-994A-4613-A18C-6D2A5F7A9866}"
EndProject
Project("{FAE04EC0-301F-11D3-BF4B-00C04F79EFBC}") = "Kakao.Receiver", "Kakao.Receiver\Kakao.Receiver.csproj", "{BF00B2BC-4DC9-4249-9E3C-1C85DC49D73C}"
EndProject
Global
	GlobalSection(SolutionConfigurationPlatforms) = preSolution
		Debug|Any CPU = Debug|Any CPU
		Release|Any CPU = Release|Any CPU
	EndGlobalSection
	GlobalSection(ProjectConfigurationPlatforms) = postSolution
		{5AC7D71F-4534-431D-8B20-BD537ECD2F2F}.Debug|Any CPU.ActiveCfg = Debug|Any CPU
		{5AC7D71F-4534-431D-8B20-BD537ECD2F2F}.Debug|Any CPU.Build.0 = Debug|Any CPU
		{5AC7D71F-4534-431D-8B20-BD537ECD2F2F}.Release|Any CPU.ActiveCfg = Release|Any CPU
		{5AC7D71F-4534-431D-8B20-BD537ECD2F2F}.Release|Any CPU.Build.0 = Release|Any CPU
		{D68369D7-6111-4438-81C8-790E7C6759A5}.Debug|Any CPU.ActiveCfg = Debug|Any CPU
		{D68369D7-6111-4438-81C8-790E7C6759A5}.Debug|Any CPU.Build.0 = Debug|Any CPU
		{D68369D7-6111-4438-81C8-790E7C6759A5}.Release|Any CPU.ActiveCfg = Release|Any CPU
		{D68369D7-6111-4438-81C8-790E7C6759A5}.Release|Any CPU.Build.0 = Release|Any CPU
		{5BA57164-1259-4B07-B74B-4185B173CA55}.Debug|Any CPU.ActiveCfg = Debug|Any CPU
		{5BA57164-1259-4B07-B74B-4185B173CA55}.Debug|Any CPU.Build.0 = Debug|Any CPU
		{5BA57164-1259-4B07-B74B-4185B173CA55}.Release|Any CPU.ActiveCfg = Release|Any CPU
		{5BA57164-1259-4B07-B74B-4185B173CA55}.Release|Any CPU.Build.0 = Release|Any CPU
		{5AC6C032-C9B3-4050-9B05-8D8FFCDC65DD}.Debug|Any CPU.ActiveCfg = Debug|Any CPU
		{5AC6C032-C9B3-4050-9B05-8D8FFCDC65DD}.Debug|Any CPU.Build.0 = Debug|Any CPU
		{5AC6C032-C9B3-4050-9B05-8D8FFCDC65DD}.Release|Any CPU.ActiveCfg = Release|Any CPU
		{5AC6C032-C9B3-4050-9B05-8D8FFCDC65DD}.Release|Any CPU.Build.0 = Release|Any CPU
		{D6BD01BA-153C-49E8-B93B-1DC0F4DDC42D}.Debug|Any CPU.ActiveCfg = Debug|Any CPU
		{D6BD01BA-153C-49E8-B93B-1DC0F4DDC42D}.Debug|Any CPU.Build.0 = Debug|Any CPU
		{D6BD01BA-153C-49E8-B93B-1DC0F4DDC42D}.Release|Any CPU.ActiveCfg = Release|Any CPU
		{D6BD01BA-153C-49E8-B93B-1DC0F4DDC42D}.Release|Any CPU.Build.0 = Release|Any CPU
		{E4864B38-2C88-4B09-8539-EBC4B27352F1}.Debug|Any CPU.ActiveCfg = Debug|Any CPU
		{E4864B38-2C88-4B09-8539-EBC4B27352F1}.Debug|Any CPU.Build.0 = Debug|Any CPU
		{E4864B38-2C88-4B09-8539-EBC4B27352F1}.Release|Any CPU.ActiveCfg = Release|Any CPU
		{E4864B38-2C88-4B09-8539-EBC4B27352F1}.Release|Any CPU.Build.0 = Release|Any CPU
		{91859110-51B2-40CD-9F2E-B7828944CB2E}.Debug|Any CPU.ActiveCfg = Debug|Any CPU
		{91859110-51B2-40CD-9F2E-B7828944CB2E}.Debug|Any CPU.Build.0 = Debug|Any CPU
		{91859110-51B2-40CD-9F2E-B7828944CB2E}.Release|Any CPU.ActiveCfg = Release|Any CPU
		{91859110-51B2-40CD-9F2E-B7828944CB2E}.Release|Any CPU.Build.0 = Release|Any CPU
		{C0BAF5EB-1DF2-4CA6-80B0-9DD5B3D6A044}.Debug|Any CPU.ActiveCfg = Debug|Any CPU
		{C0BAF5EB-1DF2-4CA6-80B0-9DD5B3D6A044}.Debug|Any CPU.Build.0 = Debug|Any CPU
		{C0BAF5EB-1DF2-4CA6-80B0-9DD5B3D6A044}.Release|Any CPU.ActiveCfg = Release|Any CPU
		{C0BAF5EB-1DF2-4CA6-80B0-9DD5B3D6A044}.Release|Any CPU.Build.0 = Release|Any CPU
		{5226C67A-7ADC-4ACB-918A-0676E51655B8}.Debug|Any CPU.ActiveCfg = Debug|Any CPU
		{5226C67A-7ADC-4ACB-918A-0676E51655B8}.Debug|Any CPU.Build.0 = Debug|Any CPU
		{5226C67A-7ADC-4ACB-918A-0676E51655B8}.Release|Any CPU.ActiveCfg = Release|Any CPU
		{5226C67A-7ADC-4ACB-918A-0676E51655B8}.Release|Any CPU.Build.0 = Release|Any CPU
		{6E4F5E1A-3B92-4DFA-889A-A75D87FA5986}.Debug|Any CPU.ActiveCfg = Debug|Any CPU
		{6E4F5E1A-3B92-4DFA-889A-A75D87FA5986}.Debug|Any CPU.Build.0 = Debug|Any CPU
		{6E4F5E1A-3B92-4DFA-889A-A75D87FA5986}.Release|Any CPU.ActiveCfg = Release|Any CPU
		{6E4F5E1A-3B92-4DFA-889A-A75D87FA5986}.Release|Any CPU.Build.0 = Release|Any CPU
		{E5F2C7F4-1BDB-4CD0-8299-E2A5B6D48EA4}.Debug|Any CPU.ActiveCfg = Debug|Any CPU
		{E5F2C7F4-1BDB-4CD0-8299-E2A5B6D48EA4}.Debug|Any CPU.Build.0 = Debug|Any CPU
		{E5F2C7F4-1BDB-4CD0-8299-E2A5B6D48EA4}.Release|Any CPU.ActiveCfg = Release|Any CPU
		{E5F2C7F4-1BDB-4CD0-8299-E2A5B6D48EA4}.Release|Any CPU.Build.0 = Release|Any CPU
		{CFBB45FA-1A92-42D3-BB64-5D549F4E3512}.Debug|Any CPU.ActiveCfg = Debug|Any CPU
		{CFBB45FA-1A92-42D3-BB64-5D549F4E3512}.Debug|Any CPU.Build.0 = Debug|Any CPU
		{CFBB45FA-1A92-42D3-BB64-5D549F4E3512}.Release|Any CPU.ActiveCfg = Release|Any CPU
		{CFBB45FA-1A92-42D3-BB64-5D549F4E3512}.Release|Any CPU.Build.0 = Release|Any CPU
		{8D9B07B5-7405-435F-AA0B-B6439361A1F4}.Debug|Any CPU.ActiveCfg = Debug|Any CPU
		{8D9B07B5-7405-435F-AA0B-B6439361A1F4}.Debug|Any CPU.Build.0 = Debug|Any CPU
		{8D9B07B5-7405-435F-AA0B-B6439361A1F4}.Release|Any CPU.ActiveCfg = Release|Any CPU
		{8D9B07B5-7405-435F-AA0B-B6439361A1F4}.Release|Any CPU.Build.0 = Release|Any CPU
		{3AFD1CF4-81AD-4CB9-8485-80C15E3011D5}.Debug|Any CPU.ActiveCfg = Debug|Any CPU
		{3AFD1CF4-81AD-4CB9-8485-80C15E3011D5}.Debug|Any CPU.Build.0 = Debug|Any CPU
		{3AFD1CF4-81AD-4CB9-8485-80C15E3011D5}.Release|Any CPU.ActiveCfg = Release|Any CPU
		{3AFD1CF4-81AD-4CB9-8485-80C15E3011D5}.Release|Any CPU.Build.0 = Release|Any CPU
		{BF00B2BC-4DC9-4249-9E3C-1C85DC49D73C}.Debug|Any CPU.ActiveCfg = Debug|Any CPU
		{BF00B2BC-4DC9-4249-9E3C-1C85DC49D73C}.Debug|Any CPU.Build.0 = Debug|Any CPU
		{BF00B2BC-4DC9-4249-9E3C-1C85DC49D73C}.Release|Any CPU.ActiveCfg = Release|Any CPU
		{BF00B2BC-4DC9-4249-9E3C-1C85DC49D73C}.Release|Any CPU.Build.0 = Release|Any CPU
	EndGlobalSection
	GlobalSection(SolutionProperties) = preSolution
		HideSolutionNode = FALSE
	EndGlobalSection
	GlobalSection(NestedProjects) = preSolution
		{5AC7D71F-4534-431D-8B20-BD537ECD2F2F} = {83427F94-55CD-44E2-B179-1EA60DD366AE}
		{D68369D7-6111-4438-81C8-790E7C6759A5} = {B61ABDB8-3A27-46DD-98A7-64307F009F16}
		{5BA57164-1259-4B07-B74B-4185B173CA55} = {B61ABDB8-3A27-46DD-98A7-64307F009F16}
		{5AC6C032-C9B3-4050-9B05-8D8FFCDC65DD} = {02BC2E32-D15B-4604-947D-7CFC958A33A3}
		{D6BD01BA-153C-49E8-B93B-1DC0F4DDC42D} = {E696B96F-B41F-468A-8BCD-42E676991A91}
		{E4864B38-2C88-4B09-8539-EBC4B27352F1} = {B61ABDB8-3A27-46DD-98A7-64307F009F16}
		{91859110-51B2-40CD-9F2E-B7828944CB2E} = {B82F1E7B-41CE-431F-90E0-13FA79AA98AF}
		{C0BAF5EB-1DF2-4CA6-80B0-9DD5B3D6A044} = {B82F1E7B-41CE-431F-90E0-13FA79AA98AF}
		{5226C67A-7ADC-4ACB-918A-0676E51655B8} = {22B78A26-E61C-4689-9AB6-765A1B0B6024}
		{6E4F5E1A-3B92-4DFA-889A-A75D87FA5986} = {02BC2E32-D15B-4604-947D-7CFC958A33A3}
		{02BC2E32-D15B-4604-947D-7CFC958A33A3} = {B82F1E7B-41CE-431F-90E0-13FA79AA98AF}
		{E5F2C7F4-1BDB-4CD0-8299-E2A5B6D48EA4} = {02BC2E32-D15B-4604-947D-7CFC958A33A3}
		{B61ABDB8-3A27-46DD-98A7-64307F009F16} = {B82F1E7B-41CE-431F-90E0-13FA79AA98AF}
		{79E9D577-0464-4336-A33A-C664AF6DCEA7} = {B82F1E7B-41CE-431F-90E0-13FA79AA98AF}
		{CFBB45FA-1A92-42D3-BB64-5D549F4E3512} = {79E9D577-0464-4336-A33A-C664AF6DCEA7}
		{8D9B07B5-7405-435F-AA0B-B6439361A1F4} = {79E9D577-0464-4336-A33A-C664AF6DCEA7}
		{3AFD1CF4-81AD-4CB9-8485-80C15E3011D5} = {B61ABDB8-3A27-46DD-98A7-64307F009F16}
		{BF00B2BC-4DC9-4249-9E3C-1C85DC49D73C} = {EA6EC38E-994A-4613-A18C-6D2A5F7A9866}
	EndGlobalSection
	GlobalSection(ExtensibilityGlobals) = postSolution
		SolutionGuid = {6E503FD8-AF90-459A-BF39-3318AFBE5CE9}
	EndGlobalSection
EndGlobal
